
Microsoft Visual Studio Solution File, Format Version 12.00
# Visual Studio 15
VisualStudioVersion = 15.0.26430.16
MinimumVisualStudioVersion = 10.0.40219.1
Project("{F184B08F-C81C-45F6-A57F-5ABD9991F28F}") = "EdiConnectorService", "EdiConnectorService\EdiConnectorService.vbproj", "{37CA9B07-111D-4E8C-BE30-330F49FB0F29}"
EndProject
Project("{F184B08F-C81C-45F6-A57F-5ABD9991F28F}") = "TestEdiConnector", "TestEdiConnector\TestEdiConnector.vbproj", "{6E81B7ED-8717-4B41-83C6-CBE36493BEDB}"
EndProject
Project("{FAE04EC0-301F-11D3-BF4B-00C04F79EFBC}") = "EdiConnectorService_C-Sharp", "EdiConnectorService_C-Sharp\EdiConnectorService_C-Sharp.csproj", "{9A7D3036-37F4-440C-ACA9-940FEDEBCD05}"
EndProject
Global
	GlobalSection(SolutionConfigurationPlatforms) = preSolution
		Debug|x64 = Debug|x64
		Debug|x86 = Debug|x86
		Release|x64 = Release|x64
		Release|x86 = Release|x86
	EndGlobalSection
	GlobalSection(ProjectConfigurationPlatforms) = postSolution
		{37CA9B07-111D-4E8C-BE30-330F49FB0F29}.Debug|x64.ActiveCfg = Debug|x86
		{37CA9B07-111D-4E8C-BE30-330F49FB0F29}.Debug|x86.ActiveCfg = Debug|x86
		{37CA9B07-111D-4E8C-BE30-330F49FB0F29}.Debug|x86.Build.0 = Debug|x86
		{37CA9B07-111D-4E8C-BE30-330F49FB0F29}.Release|x64.ActiveCfg = Release|x86
		{37CA9B07-111D-4E8C-BE30-330F49FB0F29}.Release|x86.ActiveCfg = Release|x86
		{6E81B7ED-8717-4B41-83C6-CBE36493BEDB}.Debug|x64.ActiveCfg = Debug|x86
		{6E81B7ED-8717-4B41-83C6-CBE36493BEDB}.Debug|x86.ActiveCfg = Debug|x86
		{6E81B7ED-8717-4B41-83C6-CBE36493BEDB}.Release|x64.ActiveCfg = Release|x86
		{6E81B7ED-8717-4B41-83C6-CBE36493BEDB}.Release|x86.ActiveCfg = Release|x86
		{6E81B7ED-8717-4B41-83C6-CBE36493BEDB}.Release|x86.Build.0 = Release|x86
		{9A7D3036-37F4-440C-ACA9-940FEDEBCD05}.Debug|x64.ActiveCfg = Debug|x64
		{9A7D3036-37F4-440C-ACA9-940FEDEBCD05}.Debug|x64.Build.0 = Debug|x64
		{9A7D3036-37F4-440C-ACA9-940FEDEBCD05}.Debug|x86.ActiveCfg = Debug|x86
		{9A7D3036-37F4-440C-ACA9-940FEDEBCD05}.Debug|x86.Build.0 = Debug|x86
		{9A7D3036-37F4-440C-ACA9-940FEDEBCD05}.Release|x64.ActiveCfg = Release|x64
		{9A7D3036-37F4-440C-ACA9-940FEDEBCD05}.Release|x64.Build.0 = Release|x64
		{9A7D3036-37F4-440C-ACA9-940FEDEBCD05}.Release|x86.ActiveCfg = Release|x86
		{9A7D3036-37F4-440C-ACA9-940FEDEBCD05}.Release|x86.Build.0 = Release|x86
		{9A7D3036-37F4-440C-ACA9-940FEDEBCD05}.Release|x86.Deploy.0 = Release|x86
	EndGlobalSection
	GlobalSection(SolutionProperties) = preSolution
		HideSolutionNode = FALSE
	EndGlobalSection
EndGlobal
